{
  "name": "waibu-extra",
  "version": "1.0.0",
  "lockfileVersion": 3,
  "requires": true,
  "packages": {
    "": {
      "name": "waibu-extra",
      "version": "1.0.0",
      "license": "MIT",
      "dependencies": {
        "@eonasdan/tempus-dominus": "^6.9.9",
        "@highlightjs/cdn-assets": "^11.10.0",
        "echarts": "^5.5.1",
        "highlight.js": "^11.10.0",
        "holderjs": "^2.9.9",
        "imagesloaded": "^5.0.0",
        "jquery": "^3.7.1",
        "masonry-layout": "^4.2.2",
        "prismjs": "^1.29.0"
      }
    },
    "node_modules/@eonasdan/tempus-dominus": {
      "version": "6.9.9",
      "resolved": "https://registry.npmjs.org/@eonasdan/tempus-dominus/-/tempus-dominus-6.9.9.tgz",
      "integrity": "sha512-l7fcg5IfudT1AUTkVyytAzim44P/tvjwiuQZNyCBjUn8aDvxJ8WQqUClbHZ6/S9pkK8k+jspexXyRMeFWIvBoA==",
      "funding": {
        "url": "https://ko-fi.com/eonasdan"
      },
      "peerDependencies": {
        "@popperjs/core": "^2.11.6"
      },
      "peerDependenciesMeta": {
        "@popperjs/core\"": {
          "optional": true
        }
      }
    },
    "node_modules/@highlightjs/cdn-assets": {
      "version": "11.10.0",
      "resolved": "https://registry.npmjs.org/@highlightjs/cdn-assets/-/cdn-assets-11.10.0.tgz",
      "integrity": "sha512-vWXpu+Rdm0YMJmugFdUiL/9DmgYjEiV+d5DBqlXdApnGPSIeo6+LRS5Hpx6fvVsKkvR4RsLYD9rQ6DOLkj7OKA==",
      "engines": {
        "node": ">=12.0.0"
      }
    },
    "node_modules/@popperjs/core": {
      "version": "2.11.8",
      "resolved": "https://registry.npmjs.org/@popperjs/core/-/core-2.11.8.tgz",
      "integrity": "sha512-P1st0aksCrn9sGZhp8GMYwBnQsbvAWsZAX44oXNNvLHGqAOcoVxmjZiohstwQ7SqKnbR47akdNi+uleWD8+g6A==",
      "peer": true,
      "funding": {
        "type": "opencollective",
        "url": "https://opencollective.com/popperjs"
      }
    },
    "node_modules/desandro-matches-selector": {
      "version": "2.0.2",
      "resolved": "https://registry.npmjs.org/desandro-matches-selector/-/desandro-matches-selector-2.0.2.tgz",
      "integrity": "sha512-+1q0nXhdzg1IpIJdMKalUwvvskeKnYyEe3shPRwedNcWtnhEKT3ZxvFjzywHDeGcKViIxTCAoOYQWP1qD7VNyg=="
    },
    "node_modules/echarts": {
      "version": "5.5.1",
      "resolved": "https://registry.npmjs.org/echarts/-/echarts-5.5.1.tgz",
      "integrity": "sha512-Fce8upazaAXUVUVsjgV6mBnGuqgO+JNDlcgF79Dksy4+wgGpQB2lmYoO4TSweFg/mZITdpGHomw/cNBJZj1icA==",
      "dependencies": {
        "tslib": "2.3.0",
        "zrender": "5.6.0"
      }
    },
    "node_modules/ev-emitter": {
      "version": "2.1.2",
      "resolved": "https://registry.npmjs.org/ev-emitter/-/ev-emitter-2.1.2.tgz",
      "integrity": "sha512-jQ5Ql18hdCQ4qS+RCrbLfz1n+Pags27q5TwMKvZyhp5hh2UULUYZUy1keqj6k6SYsdqIYjnmz7xyyEY0V67B8Q=="
    },
    "node_modules/fizzy-ui-utils": {
      "version": "2.0.7",
      "resolved": "https://registry.npmjs.org/fizzy-ui-utils/-/fizzy-ui-utils-2.0.7.tgz",
      "integrity": "sha512-CZXDVXQ1If3/r8s0T+v+qVeMshhfcuq0rqIFgJnrtd+Bu8GmDmqMjntjUePypVtjHXKJ6V4sw9zeyox34n9aCg==",
      "dependencies": {
        "desandro-matches-selector": "^2.0.0"
      }
    },
    "node_modules/get-size": {
      "version": "2.0.3",
      "resolved": "https://registry.npmjs.org/get-size/-/get-size-2.0.3.tgz",
      "integrity": "sha512-lXNzT/h/dTjTxRbm9BXb+SGxxzkm97h/PCIKtlN/CBCxxmkkIVV21udumMS93MuVTDX583gqc94v3RjuHmI+2Q=="
    },
    "node_modules/highlight.js": {
      "version": "11.10.0",
      "resolved": "https://registry.npmjs.org/highlight.js/-/highlight.js-11.10.0.tgz",
      "integrity": "sha512-SYVnVFswQER+zu1laSya563s+F8VDGt7o35d4utbamowvUNLLMovFqwCLSocpZTz3MgaSRA1IbqRWZv97dtErQ==",
      "engines": {
        "node": ">=12.0.0"
      }
    },
    "node_modules/holderjs": {
      "version": "2.9.9",
      "resolved": "https://registry.npmjs.org/holderjs/-/holderjs-2.9.9.tgz",
      "integrity": "sha512-ceWPz1MrR3dxOoZXiom+G48+l1VPG3TcjBw9fq5iwCiZAMvYX8Aia13GOxT7DoV/AcSyTH7Vvr11ygjZP9qn4w=="
    },
    "node_modules/imagesloaded": {
      "version": "5.0.0",
      "resolved": "https://registry.npmjs.org/imagesloaded/-/imagesloaded-5.0.0.tgz",
      "integrity": "sha512-/0JGSubc1MTCoDKVmonLHgbifBWHdyLkun+R/151E1c5n79hiSxcd7cB7mPXFgojYu8xnRZv7GYxzKoxW8BetQ==",
      "dependencies": {
        "ev-emitter": "^2.1.2"
      }
    },
    "node_modules/jquery": {
      "version": "3.7.1",
      "resolved": "https://registry.npmjs.org/jquery/-/jquery-3.7.1.tgz",
      "integrity": "sha512-m4avr8yL8kmFN8psrbFFFmB/If14iN5o9nw/NgnnM+kybDJpRsAynV2BsfpTYrTRysYUdADVD7CkUUizgkpLfg=="
    },
    "node_modules/masonry-layout": {
      "version": "4.2.2",
      "resolved": "https://registry.npmjs.org/masonry-layout/-/masonry-layout-4.2.2.tgz",
      "integrity": "sha512-iGtAlrpHNyxaR19CvKC3npnEcAwszXoyJiI8ARV2ePi7fmYhIud25MHK8Zx4P0LCC4d3TNO9+rFa1KoK1OEOaA==",
      "dependencies": {
        "get-size": "^2.0.2",
        "outlayer": "^2.1.0"
      }
    },
    "node_modules/outlayer": {
      "version": "2.1.1",
      "resolved": "https://registry.npmjs.org/outlayer/-/outlayer-2.1.1.tgz",
      "integrity": "sha512-+GplXsCQ3VrbGujAeHEzP9SXsBmJxzn/YdDSQZL0xqBmAWBmortu2Y9Gwdp9J0bgDQ8/YNIPMoBM13nTwZfAhw==",
      "dependencies": {
        "ev-emitter": "^1.0.0",
        "fizzy-ui-utils": "^2.0.0",
        "get-size": "^2.0.2"
      }
    },
    "node_modules/outlayer/node_modules/ev-emitter": {
      "version": "1.1.1",
      "resolved": "https://registry.npmjs.org/ev-emitter/-/ev-emitter-1.1.1.tgz",
      "integrity": "sha512-ipiDYhdQSCZ4hSbX4rMW+XzNKMD1prg/sTvoVmSLkuQ1MVlwjJQQA+sW8tMYR3BLUr9KjodFV4pvzunvRhd33Q=="
    },
    "node_modules/prismjs": {
      "version": "1.29.0",
      "resolved": "https://registry.npmjs.org/prismjs/-/prismjs-1.29.0.tgz",
      "integrity": "sha512-Kx/1w86q/epKcmte75LNrEoT+lX8pBpavuAbvJWRXar7Hz8jrtF+e3vY751p0R8H9HdArwaCTNDDzHg/ScJK1Q==",
      "engines": {
        "node": ">=6"
      }
    },
    "node_modules/tslib": {
      "version": "2.3.0",
      "resolved": "https://registry.npmjs.org/tslib/-/tslib-2.3.0.tgz",
      "integrity": "sha512-N82ooyxVNm6h1riLCoyS9e3fuJ3AMG2zIZs2Gd1ATcSFjSA23Q0fzjjZeh0jbJvWVDZ0cJT8yaNNaaXHzueNjg=="
    },
    "node_modules/zrender": {
      "version": "5.6.0",
      "resolved": "https://registry.npmjs.org/zrender/-/zrender-5.6.0.tgz",
      "integrity": "sha512-uzgraf4njmmHAbEUxMJ8Oxg+P3fT04O+9p7gY+wJRVxo8Ge+KmYv0WJev945EH4wFuc4OY2NLXz46FZrWS9xJg==",
      "dependencies": {
        "tslib": "2.3.0"
      }
    }
  }
}
